// !$*UTF8*$!
{
	archiveVersion = 1;
	classes = {
	};
	objectVersion = 46;
	objects = {

/* Begin PBXBuildFile section */
		B0352AB31F8FF3FB00F03789 /* main.c in Sources */ = {isa = PBXBuildFile; fileRef = B0352AB21F8FF3FB00F03789 /* main.c */; };
		B041C4AA1F6628D80041735C /* llist.c in Sources */ = {isa = PBXBuildFile; fileRef = B041C4A91F6628D80041735C /* llist.c */; };
		B04624341F9718E000557112 /* main.c in Sources */ = {isa = PBXBuildFile; fileRef = B04624331F9718E000557112 /* main.c */; };
		B0477ED11F7B3BB200DC57F2 /* main.c in Sources */ = {isa = PBXBuildFile; fileRef = B0477ED01F7B3BB200DC57F2 /* main.c */; };
		B05765D21F89ADEC00142B21 /* rev_tst.c in Sources */ = {isa = PBXBuildFile; fileRef = B05765D11F89ADEC00142B21 /* rev_tst.c */; };
		B05765D41F89ADFC00142B21 /* ll_tst.c in Sources */ = {isa = PBXBuildFile; fileRef = B05765D31F89ADFC00142B21 /* ll_tst.c */; };
		B05765D71F89AE0E00142B21 /* msort.c in Sources */ = {isa = PBXBuildFile; fileRef = B05765D61F89AE0E00142B21 /* msort.c */; };
		B05765D91F89AE1300142B21 /* llist.c in Sources */ = {isa = PBXBuildFile; fileRef = B05765D81F89AE1300142B21 /* llist.c */; };
		B05765DB1F89AE1900142B21 /* io.c in Sources */ = {isa = PBXBuildFile; fileRef = B05765DA1F89AE1900142B21 /* io.c */; };
		B05765DE1F89B25300142B21 /* qsort.c in Sources */ = {isa = PBXBuildFile; fileRef = B05765DD1F89B25300142B21 /* qsort.c */; };
		B05D38D51F6B05A8000A4EDB /* main.c in Sources */ = {isa = PBXBuildFile; fileRef = B05D38D41F6B05A8000A4EDB /* main.c */; };
		B05D991C1FB95B0F00758471 /* main.c in Sources */ = {isa = PBXBuildFile; fileRef = B05D991B1FB95B0F00758471 /* main.c */; };
		B06429201FA2427F00617999 /* test.c in Sources */ = {isa = PBXBuildFile; fileRef = B064291F1FA2427F00617999 /* test.c */; };
		B06429231FA2429400617999 /* bst.c in Sources */ = {isa = PBXBuildFile; fileRef = B06429221FA2429400617999 /* bst.c */; };
		B06668451F80244300094A0E /* main.c in Sources */ = {isa = PBXBuildFile; fileRef = B06668441F80244300094A0E /* main.c */; };
		B066684A1F81E20000094A0E /* sq.c in Sources */ = {isa = PBXBuildFile; fileRef = B06668491F81E20000094A0E /* sq.c */; };
		B07A17311F79DEB5004CEAB5 /* main.c in Sources */ = {isa = PBXBuildFile; fileRef = B07A17301F79DEB5004CEAB5 /* main.c */; };
		B07A17361F79DED5004CEAB5 /* txt.c in Sources */ = {isa = PBXBuildFile; fileRef = B07A17351F79DED5004CEAB5 /* txt.c */; };
		B08131571FB5A9D100C142CF /* pq.h in Sources */ = {isa = PBXBuildFile; fileRef = B08131561FB5A9D100C142CF /* pq.h */; };
		B08131601FB5B88300C142CF /* pq.c in Sources */ = {isa = PBXBuildFile; fileRef = B081315F1FB5B88300C142CF /* pq.c */; };
		B0D9BA791F64F37B00692E5C /* main.c in Sources */ = {isa = PBXBuildFile; fileRef = B0D9BA781F64F37B00692E5C /* main.c */; };
		B0EC2D801F8777A80050DD4B /* driver.c in Sources */ = {isa = PBXBuildFile; fileRef = B0EC2D7B1F8777A70050DD4B /* driver.c */; };
/* End PBXBuildFile section */

/* Begin PBXCopyFilesBuildPhase section */
		B0352AAE1F8FF3FB00F03789 /* CopyFiles */ = {
			isa = PBXCopyFilesBuildPhase;
			buildActionMask = 2147483647;
			dstPath = /usr/share/man/man1/;
			dstSubfolderSpec = 0;
			files = (
			);
			runOnlyForDeploymentPostprocessing = 1;
		};
		B03EDE381F7CD5AC00C11411 /* CopyFiles */ = {
			isa = PBXCopyFilesBuildPhase;
			buildActionMask = 2147483647;
			dstPath = /usr/share/man/man1/;
			dstSubfolderSpec = 0;
			files = (
			);
			runOnlyForDeploymentPostprocessing = 1;
		};
		B041C4A51F6628D80041735C /* CopyFiles */ = {
			isa = PBXCopyFilesBuildPhase;
			buildActionMask = 2147483647;
			dstPath = /usr/share/man/man1/;
			dstSubfolderSpec = 0;
			files = (
			);
			runOnlyForDeploymentPostprocessing = 1;
		};
		B046242F1F9718E000557112 /* CopyFiles */ = {
			isa = PBXCopyFilesBuildPhase;
			buildActionMask = 2147483647;
			dstPath = /usr/share/man/man1/;
			dstSubfolderSpec = 0;
			files = (
			);
			runOnlyForDeploymentPostprocessing = 1;
		};
		B0477ECC1F7B3BB200DC57F2 /* CopyFiles */ = {
			isa = PBXCopyFilesBuildPhase;
			buildActionMask = 2147483647;
			dstPath = /usr/share/man/man1/;
			dstSubfolderSpec = 0;
			files = (
			);
			runOnlyForDeploymentPostprocessing = 1;
		};
		B05404CC1F88B2ED00FB76CB /* CopyFiles */ = {
			isa = PBXCopyFilesBuildPhase;
			buildActionMask = 2147483647;
			dstPath = /usr/share/man/man1/;
			dstSubfolderSpec = 0;
			files = (
			);
			runOnlyForDeploymentPostprocessing = 1;
		};
		B05D38D01F6B05A8000A4EDB /* CopyFiles */ = {
			isa = PBXCopyFilesBuildPhase;
			buildActionMask = 2147483647;
			dstPath = /usr/share/man/man1/;
			dstSubfolderSpec = 0;
			files = (
			);
			runOnlyForDeploymentPostprocessing = 1;
		};
		B06429161FA2418D00617999 /* CopyFiles */ = {
			isa = PBXCopyFilesBuildPhase;
			buildActionMask = 2147483647;
			dstPath = /usr/share/man/man1/;
			dstSubfolderSpec = 0;
			files = (
			);
			runOnlyForDeploymentPostprocessing = 1;
		};
		B06668401F80244300094A0E /* CopyFiles */ = {
			isa = PBXCopyFilesBuildPhase;
			buildActionMask = 2147483647;
			dstPath = /usr/share/man/man1/;
			dstSubfolderSpec = 0;
			files = (
			);
			runOnlyForDeploymentPostprocessing = 1;
		};
		B07A172C1F79DEB5004CEAB5 /* CopyFiles */ = {
			isa = PBXCopyFilesBuildPhase;
			buildActionMask = 2147483647;
			dstPath = /usr/share/man/man1/;
			dstSubfolderSpec = 0;
			files = (
			);
			runOnlyForDeploymentPostprocessing = 1;
		};
		B08131521FB5A9D100C142CF /* CopyFiles */ = {
			isa = PBXCopyFilesBuildPhase;
			buildActionMask = 2147483647;
			dstPath = /usr/share/man/man1/;
			dstSubfolderSpec = 0;
			files = (
			);
			runOnlyForDeploymentPostprocessing = 1;
		};
		B0D9BA731F64F37A00692E5C /* CopyFiles */ = {
			isa = PBXCopyFilesBuildPhase;
			buildActionMask = 2147483647;
			dstPath = /usr/share/man/man1/;
			dstSubfolderSpec = 0;
			files = (
			);
			runOnlyForDeploymentPostprocessing = 1;
		};
/* End PBXCopyFilesBuildPhase section */

/* Begin PBXFileReference section */
		B0352AB01F8FF3FB00F03789 /* lab7 */ = {isa = PBXFileReference; explicitFileType = "compiled.mach-o.executable"; includeInIndex = 0; path = lab7; sourceTree = BUILT_PRODUCTS_DIR; };
		B0352AB21F8FF3FB00F03789 /* main.c */ = {isa = PBXFileReference; lastKnownFileType = sourcecode.c.c; path = main.c; sourceTree = "<group>"; };
		B03EDE3A1F7CD5AC00C11411 /* program2 */ = {isa = PBXFileReference; explicitFileType = "compiled.mach-o.executable"; includeInIndex = 0; path = program2; sourceTree = BUILT_PRODUCTS_DIR; };
		B041C4A71F6628D80041735C /* program1 */ = {isa = PBXFileReference; explicitFileType = "compiled.mach-o.executable"; includeInIndex = 0; path = program1; sourceTree = BUILT_PRODUCTS_DIR; };
		B041C4A91F6628D80041735C /* llist.c */ = {isa = PBXFileReference; lastKnownFileType = sourcecode.c.c; path = llist.c; sourceTree = "<group>"; };
		B041C4AE1F6629490041735C /* list.h */ = {isa = PBXFileReference; lastKnownFileType = sourcecode.c.h; path = list.h; sourceTree = "<group>"; };
		B04624311F9718E000557112 /* hw3 */ = {isa = PBXFileReference; explicitFileType = "compiled.mach-o.executable"; includeInIndex = 0; path = hw3; sourceTree = BUILT_PRODUCTS_DIR; };
		B04624331F9718E000557112 /* main.c */ = {isa = PBXFileReference; lastKnownFileType = sourcecode.c.c; path = main.c; sourceTree = "<group>"; };
		B0477ECE1F7B3BB200DC57F2 /* hw2 */ = {isa = PBXFileReference; explicitFileType = "compiled.mach-o.executable"; includeInIndex = 0; path = hw2; sourceTree = BUILT_PRODUCTS_DIR; };
		B0477ED01F7B3BB200DC57F2 /* main.c */ = {isa = PBXFileReference; lastKnownFileType = sourcecode.c.c; path = main.c; sourceTree = "<group>"; };
		B05404CE1F88B2ED00FB76CB /* program2alt */ = {isa = PBXFileReference; explicitFileType = "compiled.mach-o.executable"; includeInIndex = 0; path = program2alt; sourceTree = BUILT_PRODUCTS_DIR; };
		B05765D11F89ADEC00142B21 /* rev_tst.c */ = {isa = PBXFileReference; lastKnownFileType = sourcecode.c.c; path = rev_tst.c; sourceTree = "<group>"; };
		B05765D31F89ADFC00142B21 /* ll_tst.c */ = {isa = PBXFileReference; lastKnownFileType = sourcecode.c.c; path = ll_tst.c; sourceTree = "<group>"; };
		B05765D51F89AE0700142B21 /* list.h */ = {isa = PBXFileReference; lastKnownFileType = sourcecode.c.h; path = list.h; sourceTree = "<group>"; };
		B05765D61F89AE0E00142B21 /* msort.c */ = {isa = PBXFileReference; lastKnownFileType = sourcecode.c.c; path = msort.c; sourceTree = "<group>"; };
		B05765D81F89AE1300142B21 /* llist.c */ = {isa = PBXFileReference; lastKnownFileType = sourcecode.c.c; path = llist.c; sourceTree = "<group>"; };
		B05765DA1F89AE1900142B21 /* io.c */ = {isa = PBXFileReference; lastKnownFileType = sourcecode.c.c; path = io.c; sourceTree = "<group>"; };
		B05765DC1F89AF4B00142B21 /* io.h */ = {isa = PBXFileReference; lastKnownFileType = sourcecode.c.h; path = io.h; sourceTree = "<group>"; };
		B05765DD1F89B25300142B21 /* qsort.c */ = {isa = PBXFileReference; lastKnownFileType = sourcecode.c.c; path = qsort.c; sourceTree = "<group>"; };
		B05D38D21F6B05A8000A4EDB /* lab3 */ = {isa = PBXFileReference; explicitFileType = "compiled.mach-o.executable"; includeInIndex = 0; path = lab3; sourceTree = BUILT_PRODUCTS_DIR; };
		B05D38D41F6B05A8000A4EDB /* main.c */ = {isa = PBXFileReference; lastKnownFileType = sourcecode.c.c; path = main.c; sourceTree = "<group>"; };
		B05D991B1FB95B0F00758471 /* main.c */ = {isa = PBXFileReference; lastKnownFileType = sourcecode.c.c; path = main.c; sourceTree = "<group>"; };
		B06429181FA2418D00617999 /* program3 */ = {isa = PBXFileReference; explicitFileType = "compiled.mach-o.executable"; includeInIndex = 0; path = program3; sourceTree = BUILT_PRODUCTS_DIR; };
		B064291F1FA2427F00617999 /* test.c */ = {isa = PBXFileReference; lastKnownFileType = sourcecode.c.c; path = test.c; sourceTree = "<group>"; };
		B06429211FA2428F00617999 /* bst.h */ = {isa = PBXFileReference; lastKnownFileType = sourcecode.c.h; path = bst.h; sourceTree = "<group>"; };
		B06429221FA2429400617999 /* bst.c */ = {isa = PBXFileReference; lastKnownFileType = sourcecode.c.c; path = bst.c; sourceTree = "<group>"; };
		B06429241FA2429F00617999 /* Readme.txt */ = {isa = PBXFileReference; lastKnownFileType = text; path = Readme.txt; sourceTree = "<group>"; };
		B06668421F80244300094A0E /* test */ = {isa = PBXFileReference; explicitFileType = "compiled.mach-o.executable"; includeInIndex = 0; path = test; sourceTree = BUILT_PRODUCTS_DIR; };
		B06668441F80244300094A0E /* main.c */ = {isa = PBXFileReference; lastKnownFileType = sourcecode.c.c; path = main.c; sourceTree = "<group>"; };
		B06668491F81E20000094A0E /* sq.c */ = {isa = PBXFileReference; fileEncoding = 4; lastKnownFileType = sourcecode.c.c; path = sq.c; sourceTree = "<group>"; };
		B07A172E1F79DEB5004CEAB5 /* game */ = {isa = PBXFileReference; explicitFileType = "compiled.mach-o.executable"; includeInIndex = 0; path = game; sourceTree = BUILT_PRODUCTS_DIR; };
		B07A17301F79DEB5004CEAB5 /* main.c */ = {isa = PBXFileReference; lastKnownFileType = sourcecode.c.c; path = main.c; sourceTree = "<group>"; };
		B07A17351F79DED5004CEAB5 /* txt.c */ = {isa = PBXFileReference; fileEncoding = 4; lastKnownFileType = sourcecode.c.c; path = txt.c; sourceTree = "<group>"; };
		B08131541FB5A9D100C142CF /* program4 */ = {isa = PBXFileReference; explicitFileType = "compiled.mach-o.executable"; includeInIndex = 0; path = program4; sourceTree = BUILT_PRODUCTS_DIR; };
		B08131561FB5A9D100C142CF /* pq.h */ = {isa = PBXFileReference; lastKnownFileType = sourcecode.c.h; path = pq.h; sourceTree = "<group>"; };
		B081315F1FB5B88300C142CF /* pq.c */ = {isa = PBXFileReference; lastKnownFileType = sourcecode.c.c; path = pq.c; sourceTree = "<group>"; };
		B0D9BA751F64F37B00692E5C /* cs251 */ = {isa = PBXFileReference; explicitFileType = "compiled.mach-o.executable"; includeInIndex = 0; path = cs251; sourceTree = BUILT_PRODUCTS_DIR; };
		B0D9BA781F64F37B00692E5C /* main.c */ = {isa = PBXFileReference; lastKnownFileType = sourcecode.c.c; path = main.c; sourceTree = "<group>"; };
		B0EC2D7B1F8777A70050DD4B /* driver.c */ = {isa = PBXFileReference; lastKnownFileType = sourcecode.c.c; path = driver.c; sourceTree = "<group>"; };
		B0EC2D7D1F8777A70050DD4B /* list.h */ = {isa = PBXFileReference; lastKnownFileType = sourcecode.c.h; path = list.h; sourceTree = "<group>"; };
		B0EC2D7F1F8777A70050DD4B /* sq.h */ = {isa = PBXFileReference; lastKnownFileType = sourcecode.c.h; path = sq.h; sourceTree = "<group>"; };
/* End PBXFileReference section */

/* Begin PBXFrameworksBuildPhase section */
		B0352AAD1F8FF3FB00F03789 /* Frameworks */ = {
			isa = PBXFrameworksBuildPhase;
			buildActionMask = 2147483647;
			files = (
			);
			runOnlyForDeploymentPostprocessing = 0;
		};
		B03EDE371F7CD5AC00C11411 /* Frameworks */ = {
			isa = PBXFrameworksBuildPhase;
			buildActionMask = 2147483647;
			files = (
			);
			runOnlyForDeploymentPostprocessing = 0;
		};
		B041C4A41F6628D80041735C /* Frameworks */ = {
			isa = PBXFrameworksBuildPhase;
			buildActionMask = 2147483647;
			files = (
			);
			runOnlyForDeploymentPostprocessing = 0;
		};
		B046242E1F9718E000557112 /* Frameworks */ = {
			isa = PBXFrameworksBuildPhase;
			buildActionMask = 2147483647;
			files = (
			);
			runOnlyForDeploymentPostprocessing = 0;
		};
		B0477ECB1F7B3BB200DC57F2 /* Frameworks */ = {
			isa = PBXFrameworksBuildPhase;
			buildActionMask = 2147483647;
			files = (
			);
			runOnlyForDeploymentPostprocessing = 0;
		};
		B05404CB1F88B2ED00FB76CB /* Frameworks */ = {
			isa = PBXFrameworksBuildPhase;
			buildActionMask = 2147483647;
			files = (
			);
			runOnlyForDeploymentPostprocessing = 0;
		};
		B05D38CF1F6B05A8000A4EDB /* Frameworks */ = {
			isa = PBXFrameworksBuildPhase;
			buildActionMask = 2147483647;
			files = (
			);
			runOnlyForDeploymentPostprocessing = 0;
		};
		B06429151FA2418D00617999 /* Frameworks */ = {
			isa = PBXFrameworksBuildPhase;
			buildActionMask = 2147483647;
			files = (
			);
			runOnlyForDeploymentPostprocessing = 0;
		};
		B066683F1F80244300094A0E /* Frameworks */ = {
			isa = PBXFrameworksBuildPhase;
			buildActionMask = 2147483647;
			files = (
			);
			runOnlyForDeploymentPostprocessing = 0;
		};
		B07A172B1F79DEB5004CEAB5 /* Frameworks */ = {
			isa = PBXFrameworksBuildPhase;
			buildActionMask = 2147483647;
			files = (
			);
			runOnlyForDeploymentPostprocessing = 0;
		};
		B08131511FB5A9D100C142CF /* Frameworks */ = {
			isa = PBXFrameworksBuildPhase;
			buildActionMask = 2147483647;
			files = (
			);
			runOnlyForDeploymentPostprocessing = 0;
		};
		B0D9BA721F64F37A00692E5C /* Frameworks */ = {
			isa = PBXFrameworksBuildPhase;
			buildActionMask = 2147483647;
			files = (
			);
			runOnlyForDeploymentPostprocessing = 0;
		};
/* End PBXFrameworksBuildPhase section */

/* Begin PBXGroup section */
		B0352AB11F8FF3FB00F03789 /* lab7 */ = {
			isa = PBXGroup;
			children = (
				B0352AB21F8FF3FB00F03789 /* main.c */,
			);
			path = lab7;
			sourceTree = "<group>";
		};
		B03EDE3B1F7CD5AC00C11411 /* program2 */ = {
			isa = PBXGroup;
			children = (
				B06668491F81E20000094A0E /* sq.c */,
				B0EC2D7F1F8777A70050DD4B /* sq.h */,
				B0EC2D7B1F8777A70050DD4B /* driver.c */,
				B0EC2D7D1F8777A70050DD4B /* list.h */,
			);
			path = program2;
			sourceTree = "<group>";
		};
		B041C4A81F6628D80041735C /* program1 */ = {
			isa = PBXGroup;
			children = (
				B041C4AE1F6629490041735C /* list.h */,
				B041C4A91F6628D80041735C /* llist.c */,
			);
			path = program1;
			sourceTree = "<group>";
		};
		B04624321F9718E000557112 /* hw3 */ = {
			isa = PBXGroup;
			children = (
				B04624331F9718E000557112 /* main.c */,
			);
			path = hw3;
			sourceTree = "<group>";
		};
		B0477ECF1F7B3BB200DC57F2 /* hw2 */ = {
			isa = PBXGroup;
			children = (
				B0477ED01F7B3BB200DC57F2 /* main.c */,
			);
			path = hw2;
			sourceTree = "<group>";
		};
		B05404CF1F88B2ED00FB76CB /* program2alt */ = {
			isa = PBXGroup;
			children = (
				B05765D11F89ADEC00142B21 /* rev_tst.c */,
				B05765D61F89AE0E00142B21 /* msort.c */,
				B05765DA1F89AE1900142B21 /* io.c */,
				B05765DD1F89B25300142B21 /* qsort.c */,
				B05765DC1F89AF4B00142B21 /* io.h */,
				B05765D81F89AE1300142B21 /* llist.c */,
				B05765D51F89AE0700142B21 /* list.h */,
				B05765D31F89ADFC00142B21 /* ll_tst.c */,
			);
			path = program2alt;
			sourceTree = "<group>";
		};
		B05D38D31F6B05A8000A4EDB /* lab3 */ = {
			isa = PBXGroup;
			children = (
				B05D38D41F6B05A8000A4EDB /* main.c */,
			);
			path = lab3;
			sourceTree = "<group>";
		};
		B06429191FA2418D00617999 /* program3 */ = {
			isa = PBXGroup;
			children = (
				B06429211FA2428F00617999 /* bst.h */,
				B06429221FA2429400617999 /* bst.c */,
				B06429241FA2429F00617999 /* Readme.txt */,
				B064291F1FA2427F00617999 /* test.c */,
			);
			path = program3;
			sourceTree = "<group>";
		};
		B06668431F80244300094A0E /* test */ = {
			isa = PBXGroup;
			children = (
				B06668441F80244300094A0E /* main.c */,
			);
			path = test;
			sourceTree = "<group>";
		};
		B07A172F1F79DEB5004CEAB5 /* game */ = {
			isa = PBXGroup;
			children = (
				B07A17301F79DEB5004CEAB5 /* main.c */,
				B07A17351F79DED5004CEAB5 /* txt.c */,
			);
			path = game;
			sourceTree = "<group>";
		};
		B08131551FB5A9D100C142CF /* program4 */ = {
			isa = PBXGroup;
			children = (
				B08131561FB5A9D100C142CF /* pq.h */,
				B081315F1FB5B88300C142CF /* pq.c */,
				B05D991B1FB95B0F00758471 /* main.c */,
			);
			path = program4;
			sourceTree = "<group>";
		};
		B0D9BA6C1F64F37A00692E5C = {
			isa = PBXGroup;
			children = (
				B0D9BA771F64F37B00692E5C /* cs251 */,
				B041C4A81F6628D80041735C /* program1 */,
				B05D38D31F6B05A8000A4EDB /* lab3 */,
				B07A172F1F79DEB5004CEAB5 /* game */,
				B0477ECF1F7B3BB200DC57F2 /* hw2 */,
				B03EDE3B1F7CD5AC00C11411 /* program2 */,
				B06668431F80244300094A0E /* test */,
				B05404CF1F88B2ED00FB76CB /* program2alt */,
				B0352AB11F8FF3FB00F03789 /* lab7 */,
				B04624321F9718E000557112 /* hw3 */,
				B06429191FA2418D00617999 /* program3 */,
				B08131551FB5A9D100C142CF /* program4 */,
				B0D9BA761F64F37B00692E5C /* Products */,
			);
			sourceTree = "<group>";
		};
		B0D9BA761F64F37B00692E5C /* Products */ = {
			isa = PBXGroup;
			children = (
				B0D9BA751F64F37B00692E5C /* cs251 */,
				B041C4A71F6628D80041735C /* program1 */,
				B05D38D21F6B05A8000A4EDB /* lab3 */,
				B07A172E1F79DEB5004CEAB5 /* game */,
				B0477ECE1F7B3BB200DC57F2 /* hw2 */,
				B03EDE3A1F7CD5AC00C11411 /* program2 */,
				B06668421F80244300094A0E /* test */,
				B05404CE1F88B2ED00FB76CB /* program2alt */,
				B0352AB01F8FF3FB00F03789 /* lab7 */,
				B04624311F9718E000557112 /* hw3 */,
				B06429181FA2418D00617999 /* program3 */,
				B08131541FB5A9D100C142CF /* program4 */,
			);
			name = Products;
			sourceTree = "<group>";
		};
		B0D9BA771F64F37B00692E5C /* cs251 */ = {
			isa = PBXGroup;
			children = (
				B0D9BA781F64F37B00692E5C /* main.c */,
			);
			path = cs251;
			sourceTree = "<group>";
		};
/* End PBXGroup section */

/* Begin PBXNativeTarget section */
		B0352AAF1F8FF3FB00F03789 /* lab7 */ = {
			isa = PBXNativeTarget;
			buildConfigurationList = B0352AB61F8FF3FB00F03789 /* Build configuration list for PBXNativeTarget "lab7" */;
			buildPhases = (
				B0352AAC1F8FF3FB00F03789 /* Sources */,
				B0352AAD1F8FF3FB00F03789 /* Frameworks */,
				B0352AAE1F8FF3FB00F03789 /* CopyFiles */,
			);
			buildRules = (
			);
			dependencies = (
			);
			name = lab7;
			productName = lab7;
			productReference = B0352AB01F8FF3FB00F03789 /* lab7 */;
			productType = "com.apple.product-type.tool";
		};
		B03EDE391F7CD5AC00C11411 /* program2 */ = {
			isa = PBXNativeTarget;
			buildConfigurationList = B03EDE401F7CD5AC00C11411 /* Build configuration list for PBXNativeTarget "program2" */;
			buildPhases = (
				B03EDE361F7CD5AC00C11411 /* Sources */,
				B03EDE371F7CD5AC00C11411 /* Frameworks */,
				B03EDE381F7CD5AC00C11411 /* CopyFiles */,
			);
			buildRules = (
			);
			dependencies = (
			);
			name = program2;
			productName = program2;
			productReference = B03EDE3A1F7CD5AC00C11411 /* program2 */;
			productType = "com.apple.product-type.tool";
		};
		B041C4A61F6628D80041735C /* program1 */ = {
			isa = PBXNativeTarget;
			buildConfigurationList = B041C4AD1F6628D80041735C /* Build configuration list for PBXNativeTarget "program1" */;
			buildPhases = (
				B041C4A31F6628D80041735C /* Sources */,
				B041C4A41F6628D80041735C /* Frameworks */,
				B041C4A51F6628D80041735C /* CopyFiles */,
			);
			buildRules = (
			);
			dependencies = (
			);
			name = program1;
			productName = program1;
			productReference = B041C4A71F6628D80041735C /* program1 */;
			productType = "com.apple.product-type.tool";
		};
		B04624301F9718E000557112 /* hw3 */ = {
			isa = PBXNativeTarget;
			buildConfigurationList = B04624371F9718E000557112 /* Build configuration list for PBXNativeTarget "hw3" */;
			buildPhases = (
				B046242D1F9718E000557112 /* Sources */,
				B046242E1F9718E000557112 /* Frameworks */,
				B046242F1F9718E000557112 /* CopyFiles */,
			);
			buildRules = (
			);
			dependencies = (
			);
			name = hw3;
			productName = hw3;
			productReference = B04624311F9718E000557112 /* hw3 */;
			productType = "com.apple.product-type.tool";
		};
		B0477ECD1F7B3BB200DC57F2 /* hw2 */ = {
			isa = PBXNativeTarget;
			buildConfigurationList = B0477ED41F7B3BB200DC57F2 /* Build configuration list for PBXNativeTarget "hw2" */;
			buildPhases = (
				B0477ECA1F7B3BB200DC57F2 /* Sources */,
				B0477ECB1F7B3BB200DC57F2 /* Frameworks */,
				B0477ECC1F7B3BB200DC57F2 /* CopyFiles */,
			);
			buildRules = (
			);
			dependencies = (
			);
			name = hw2;
			productName = hw2;
			productReference = B0477ECE1F7B3BB200DC57F2 /* hw2 */;
			productType = "com.apple.product-type.tool";
		};
		B05404CD1F88B2ED00FB76CB /* program2alt */ = {
			isa = PBXNativeTarget;
			buildConfigurationList = B05404D21F88B2ED00FB76CB /* Build configuration list for PBXNativeTarget "program2alt" */;
			buildPhases = (
				B05404CA1F88B2ED00FB76CB /* Sources */,
				B05404CB1F88B2ED00FB76CB /* Frameworks */,
				B05404CC1F88B2ED00FB76CB /* CopyFiles */,
			);
			buildRules = (
			);
			dependencies = (
			);
			name = program2alt;
			productName = program2alt;
			productReference = B05404CE1F88B2ED00FB76CB /* program2alt */;
			productType = "com.apple.product-type.tool";
		};
		B05D38D11F6B05A8000A4EDB /* lab3 */ = {
			isa = PBXNativeTarget;
			buildConfigurationList = B05D38D81F6B05A8000A4EDB /* Build configuration list for PBXNativeTarget "lab3" */;
			buildPhases = (
				B05D38CE1F6B05A8000A4EDB /* Sources */,
				B05D38CF1F6B05A8000A4EDB /* Frameworks */,
				B05D38D01F6B05A8000A4EDB /* CopyFiles */,
			);
			buildRules = (
			);
			dependencies = (
			);
			name = lab3;
			productName = lab3;
			productReference = B05D38D21F6B05A8000A4EDB /* lab3 */;
			productType = "com.apple.product-type.tool";
		};
		B06429171FA2418D00617999 /* program3 */ = {
			isa = PBXNativeTarget;
			buildConfigurationList = B064291E1FA2418D00617999 /* Build configuration list for PBXNativeTarget "program3" */;
			buildPhases = (
				B06429141FA2418D00617999 /* Sources */,
				B06429151FA2418D00617999 /* Frameworks */,
				B06429161FA2418D00617999 /* CopyFiles */,
			);
			buildRules = (
			);
			dependencies = (
			);
			name = program3;
			productName = program3;
			productReference = B06429181FA2418D00617999 /* program3 */;
			productType = "com.apple.product-type.tool";
		};
		B06668411F80244300094A0E /* test */ = {
			isa = PBXNativeTarget;
			buildConfigurationList = B06668481F80244300094A0E /* Build configuration list for PBXNativeTarget "test" */;
			buildPhases = (
				B066683E1F80244300094A0E /* Sources */,
				B066683F1F80244300094A0E /* Frameworks */,
				B06668401F80244300094A0E /* CopyFiles */,
			);
			buildRules = (
			);
			dependencies = (
			);
			name = test;
			productName = test;
			productReference = B06668421F80244300094A0E /* test */;
			productType = "com.apple.product-type.tool";
		};
		B07A172D1F79DEB5004CEAB5 /* game */ = {
			isa = PBXNativeTarget;
			buildConfigurationList = B07A17341F79DEB5004CEAB5 /* Build configuration list for PBXNativeTarget "game" */;
			buildPhases = (
				B07A172A1F79DEB5004CEAB5 /* Sources */,
				B07A172B1F79DEB5004CEAB5 /* Frameworks */,
				B07A172C1F79DEB5004CEAB5 /* CopyFiles */,
			);
			buildRules = (
			);
			dependencies = (
			);
			name = game;
			productName = game;
			productReference = B07A172E1F79DEB5004CEAB5 /* game */;
			productType = "com.apple.product-type.tool";
		};
		B08131531FB5A9D100C142CF /* program4 */ = {
			isa = PBXNativeTarget;
			buildConfigurationList = B081315A1FB5A9D100C142CF /* Build configuration list for PBXNativeTarget "program4" */;
			buildPhases = (
				B08131501FB5A9D100C142CF /* Sources */,
				B08131511FB5A9D100C142CF /* Frameworks */,
				B08131521FB5A9D100C142CF /* CopyFiles */,
			);
			buildRules = (
			);
			dependencies = (
			);
			name = program4;
			productName = program4;
			productReference = B08131541FB5A9D100C142CF /* program4 */;
			productType = "com.apple.product-type.tool";
		};
		B0D9BA741F64F37A00692E5C /* cs251 */ = {
			isa = PBXNativeTarget;
			buildConfigurationList = B0D9BA7C1F64F37B00692E5C /* Build configuration list for PBXNativeTarget "cs251" */;
			buildPhases = (
				B0D9BA711F64F37A00692E5C /* Sources */,
				B0D9BA721F64F37A00692E5C /* Frameworks */,
				B0D9BA731F64F37A00692E5C /* CopyFiles */,
			);
			buildRules = (
			);
			dependencies = (
			);
			name = cs251;
			productName = cs251;
			productReference = B0D9BA751F64F37B00692E5C /* cs251 */;
			productType = "com.apple.product-type.tool";
		};
/* End PBXNativeTarget section */

/* Begin PBXProject section */
		B0D9BA6D1F64F37A00692E5C /* Project object */ = {
			isa = PBXProject;
			attributes = {
				LastUpgradeCheck = 0910;
				ORGANIZATIONNAME = "Heng Li";
				TargetAttributes = {
					B0352AAF1F8FF3FB00F03789 = {
						CreatedOnToolsVersion = 9.0;
						ProvisioningStyle = Automatic;
					};
					B03EDE391F7CD5AC00C11411 = {
						CreatedOnToolsVersion = 8.3.3;
						ProvisioningStyle = Automatic;
					};
					B041C4A61F6628D80041735C = {
						CreatedOnToolsVersion = 8.3.3;
						ProvisioningStyle = Automatic;
					};
					B04624301F9718E000557112 = {
						CreatedOnToolsVersion = 9.0;
						ProvisioningStyle = Automatic;
					};
					B0477ECD1F7B3BB200DC57F2 = {
						CreatedOnToolsVersion = 8.3.3;
						ProvisioningStyle = Automatic;
					};
					B05404CD1F88B2ED00FB76CB = {
						CreatedOnToolsVersion = 9.0;
						ProvisioningStyle = Automatic;
					};
					B05D38D11F6B05A8000A4EDB = {
						CreatedOnToolsVersion = 8.3.3;
						ProvisioningStyle = Automatic;
					};
					B06429171FA2418D00617999 = {
						CreatedOnToolsVersion = 9.0;
						ProvisioningStyle = Automatic;
					};
					B06668411F80244300094A0E = {
						CreatedOnToolsVersion = 8.3.3;
						ProvisioningStyle = Automatic;
					};
					B07A172D1F79DEB5004CEAB5 = {
						CreatedOnToolsVersion = 8.3.3;
						ProvisioningStyle = Automatic;
					};
					B08131531FB5A9D100C142CF = {
						CreatedOnToolsVersion = 9.1;
						ProvisioningStyle = Automatic;
					};
					B0D9BA741F64F37A00692E5C = {
						CreatedOnToolsVersion = 8.3.3;
						ProvisioningStyle = Automatic;
					};
				};
			};
			buildConfigurationList = B0D9BA701F64F37A00692E5C /* Build configuration list for PBXProject "cs251" */;
			compatibilityVersion = "Xcode 3.2";
			developmentRegion = English;
			hasScannedForEncodings = 0;
			knownRegions = (
				en,
			);
			mainGroup = B0D9BA6C1F64F37A00692E5C;
			productRefGroup = B0D9BA761F64F37B00692E5C /* Products */;
			projectDirPath = "";
			projectRoot = "";
			targets = (
				B0D9BA741F64F37A00692E5C /* cs251 */,
				B041C4A61F6628D80041735C /* program1 */,
				B05D38D11F6B05A8000A4EDB /* lab3 */,
				B07A172D1F79DEB5004CEAB5 /* game */,
				B0477ECD1F7B3BB200DC57F2 /* hw2 */,
				B03EDE391F7CD5AC00C11411 /* program2 */,
				B06668411F80244300094A0E /* test */,
				B05404CD1F88B2ED00FB76CB /* program2alt */,
				B0352AAF1F8FF3FB00F03789 /* lab7 */,
				B04624301F9718E000557112 /* hw3 */,
				B06429171FA2418D00617999 /* program3 */,
				B08131531FB5A9D100C142CF /* program4 */,
			);
		};
/* End PBXProject section */

/* Begin PBXSourcesBuildPhase section */
		B0352AAC1F8FF3FB00F03789 /* Sources */ = {
			isa = PBXSourcesBuildPhase;
			buildActionMask = 2147483647;
			files = (
				B0352AB31F8FF3FB00F03789 /* main.c in Sources */,
			);
			runOnlyForDeploymentPostprocessing = 0;
		};
		B03EDE361F7CD5AC00C11411 /* Sources */ = {
			isa = PBXSourcesBuildPhase;
			buildActionMask = 2147483647;
			files = (
				B0EC2D801F8777A80050DD4B /* driver.c in Sources */,
				B066684A1F81E20000094A0E /* sq.c in Sources */,
			);
			runOnlyForDeploymentPostprocessing = 0;
		};
		B041C4A31F6628D80041735C /* Sources */ = {
			isa = PBXSourcesBuildPhase;
			buildActionMask = 2147483647;
			files = (
				B041C4AA1F6628D80041735C /* llist.c in Sources */,
			);
			runOnlyForDeploymentPostprocessing = 0;
		};
		B046242D1F9718E000557112 /* Sources */ = {
			isa = PBXSourcesBuildPhase;
			buildActionMask = 2147483647;
			files = (
				B04624341F9718E000557112 /* main.c in Sources */,
			);
			runOnlyForDeploymentPostprocessing = 0;
		};
		B0477ECA1F7B3BB200DC57F2 /* Sources */ = {
			isa = PBXSourcesBuildPhase;
			buildActionMask = 2147483647;
			files = (
				B0477ED11F7B3BB200DC57F2 /* main.c in Sources */,
			);
			runOnlyForDeploymentPostprocessing = 0;
		};
		B05404CA1F88B2ED00FB76CB /* Sources */ = {
			isa = PBXSourcesBuildPhase;
			buildActionMask = 2147483647;
			files = (
				B05765DB1F89AE1900142B21 /* io.c in Sources */,
				B05765D91F89AE1300142B21 /* llist.c in Sources */,
				B05765D71F89AE0E00142B21 /* msort.c in Sources */,
				B05765DE1F89B25300142B21 /* qsort.c in Sources */,
				B05765D41F89ADFC00142B21 /* ll_tst.c in Sources */,
				B05765D21F89ADEC00142B21 /* rev_tst.c in Sources */,
			);
			runOnlyForDeploymentPostprocessing = 0;
		};
		B05D38CE1F6B05A8000A4EDB /* Sources */ = {
			isa = PBXSourcesBuildPhase;
			buildActionMask = 2147483647;
			files = (
				B05D38D51F6B05A8000A4EDB /* main.c in Sources */,
			);
			runOnlyForDeploymentPostprocessing = 0;
		};
		B06429141FA2418D00617999 /* Sources */ = {
			isa = PBXSourcesBuildPhase;
			buildActionMask = 2147483647;
			files = (
				B06429201FA2427F00617999 /* test.c in Sources */,
				B06429231FA2429400617999 /* bst.c in Sources */,
			);
			runOnlyForDeploymentPostprocessing = 0;
		};
		B066683E1F80244300094A0E /* Sources */ = {
			isa = PBXSourcesBuildPhase;
			buildActionMask = 2147483647;
			files = (
				B06668451F80244300094A0E /* main.c in Sources */,
			);
			runOnlyForDeploymentPostprocessing = 0;
		};
		B07A172A1F79DEB5004CEAB5 /* Sources */ = {
			isa = PBXSourcesBuildPhase;
			buildActionMask = 2147483647;
			files = (
				B07A17361F79DED5004CEAB5 /* txt.c in Sources */,
				B07A17311F79DEB5004CEAB5 /* main.c in Sources */,
			);
			runOnlyForDeploymentPostprocessing = 0;
		};
		B08131501FB5A9D100C142CF /* Sources */ = {
			isa = PBXSourcesBuildPhase;
			buildActionMask = 2147483647;
			files = (
				B08131601FB5B88300C142CF /* pq.c in Sources */,
				B08131571FB5A9D100C142CF /* pq.h in Sources */,
				B05D991C1FB95B0F00758471 /* main.c in Sources */,
			);
			runOnlyForDeploymentPostprocessing = 0;
		};
		B0D9BA711F64F37A00692E5C /* Sources */ = {
			isa = PBXSourcesBuildPhase;
			buildActionMask = 2147483647;
			files = (
				B0D9BA791F64F37B00692E5C /* main.c in Sources */,
			);
			runOnlyForDeploymentPostprocessing = 0;
		};
/* End PBXSourcesBuildPhase section */

/* Begin XCBuildConfiguration section */
		B0352AB41F8FF3FB00F03789 /* Debug */ = {
			isa = XCBuildConfiguration;
			buildSettings = {
				CLANG_CXX_LANGUAGE_STANDARD = "gnu++14";
				CLANG_WARN_BLOCK_CAPTURE_AUTORELEASING = YES;
				CLANG_WARN_COMMA = YES;
				CLANG_WARN_NON_LITERAL_NULL_CONVERSION = YES;
				CLANG_WARN_OBJC_LITERAL_CONVERSION = YES;
				CLANG_WARN_RANGE_LOOP_ANALYSIS = YES;
				CLANG_WARN_STRICT_PROTOTYPES = YES;
				CLANG_WARN_UNGUARDED_AVAILABILITY = YES_AGGRESSIVE;
				CODE_SIGN_STYLE = Automatic;
				GCC_C_LANGUAGE_STANDARD = gnu11;
				MACOSX_DEPLOYMENT_TARGET = 10.13;
				PRODUCT_NAME = "$(TARGET_NAME)";
			};
			name = Debug;
		};
		B0352AB51F8FF3FB00F03789 /* Release */ = {
			isa = XCBuildConfiguration;
			buildSettings = {
				CLANG_CXX_LANGUAGE_STANDARD = "gnu++14";
				CLANG_WARN_BLOCK_CAPTURE_AUTORELEASING = YES;
				CLANG_WARN_COMMA = YES;
				CLANG_WARN_NON_LITERAL_NULL_CONVERSION = YES;
				CLANG_WARN_OBJC_LITERAL_CONVERSION = YES;
				CLANG_WARN_RANGE_LOOP_ANALYSIS = YES;
				CLANG_WARN_STRICT_PROTOTYPES = YES;
				CLANG_WARN_UNGUARDED_AVAILABILITY = YES_AGGRESSIVE;
				CODE_SIGN_STYLE = Automatic;
				GCC_C_LANGUAGE_STANDARD = gnu11;
				MACOSX_DEPLOYMENT_TARGET = 10.13;
				PRODUCT_NAME = "$(TARGET_NAME)";
			};
			name = Release;
		};
		B03EDE3E1F7CD5AC00C11411 /* Debug */ = {
			isa = XCBuildConfiguration;
			buildSettings = {
				PRODUCT_NAME = "$(TARGET_NAME)";
			};
			name = Debug;
		};
		B03EDE3F1F7CD5AC00C11411 /* Release */ = {
			isa = XCBuildConfiguration;
			buildSettings = {
				PRODUCT_NAME = "$(TARGET_NAME)";
			};
			name = Release;
		};
		B041C4AB1F6628D80041735C /* Debug */ = {
			isa = XCBuildConfiguration;
			buildSettings = {
				PRODUCT_NAME = "$(TARGET_NAME)";
			};
			name = Debug;
		};
		B041C4AC1F6628D80041735C /* Release */ = {
			isa = XCBuildConfiguration;
			buildSettings = {
				PRODUCT_NAME = "$(TARGET_NAME)";
			};
			name = Release;
		};
		B04624351F9718E000557112 /* Debug */ = {
			isa = XCBuildConfiguration;
			buildSettings = {
				CLANG_CXX_LANGUAGE_STANDARD = "gnu++14";
				CLANG_WARN_BLOCK_CAPTURE_AUTORELEASING = YES;
				CLANG_WARN_COMMA = YES;
				CLANG_WARN_NON_LITERAL_NULL_CONVERSION = YES;
				CLANG_WARN_OBJC_LITERAL_CONVERSION = YES;
				CLANG_WARN_RANGE_LOOP_ANALYSIS = YES;
				CLANG_WARN_STRICT_PROTOTYPES = YES;
				CLANG_WARN_UNGUARDED_AVAILABILITY = YES_AGGRESSIVE;
				CODE_SIGN_STYLE = Automatic;
				GCC_C_LANGUAGE_STANDARD = gnu11;
				MACOSX_DEPLOYMENT_TARGET = 10.13;
				PRODUCT_NAME = "$(TARGET_NAME)";
			};
			name = Debug;
		};
		B04624361F9718E000557112 /* Release */ = {
			isa = XCBuildConfiguration;
			buildSettings = {
				CLANG_CXX_LANGUAGE_STANDARD = "gnu++14";
				CLANG_WARN_BLOCK_CAPTURE_AUTORELEASING = YES;
				CLANG_WARN_COMMA = YES;
				CLANG_WARN_NON_LITERAL_NULL_CONVERSION = YES;
				CLANG_WARN_OBJC_LITERAL_CONVERSION = YES;
				CLANG_WARN_RANGE_LOOP_ANALYSIS = YES;
				CLANG_WARN_STRICT_PROTOTYPES = YES;
				CLANG_WARN_UNGUARDED_AVAILABILITY = YES_AGGRESSIVE;
				CODE_SIGN_STYLE = Automatic;
				GCC_C_LANGUAGE_STANDARD = gnu11;
				MACOSX_DEPLOYMENT_TARGET = 10.13;
				PRODUCT_NAME = "$(TARGET_NAME)";
			};
			name = Release;
		};
		B0477ED21F7B3BB200DC57F2 /* Debug */ = {
			isa = XCBuildConfiguration;
			buildSettings = {
				PRODUCT_NAME = "$(TARGET_NAME)";
			};
			name = Debug;
		};
		B0477ED31F7B3BB200DC57F2 /* Release */ = {
			isa = XCBuildConfiguration;
			buildSettings = {
				PRODUCT_NAME = "$(TARGET_NAME)";
			};
			name = Release;
		};
		B05404D31F88B2ED00FB76CB /* Debug */ = {
			isa = XCBuildConfiguration;
			buildSettings = {
				CLANG_CXX_LANGUAGE_STANDARD = "gnu++14";
				CLANG_WARN_BLOCK_CAPTURE_AUTORELEASING = YES;
				CLANG_WARN_COMMA = YES;
				CLANG_WARN_NON_LITERAL_NULL_CONVERSION = YES;
				CLANG_WARN_OBJC_LITERAL_CONVERSION = YES;
				CLANG_WARN_RANGE_LOOP_ANALYSIS = YES;
				CLANG_WARN_STRICT_PROTOTYPES = YES;
				CLANG_WARN_UNGUARDED_AVAILABILITY = YES_AGGRESSIVE;
				CODE_SIGN_STYLE = Automatic;
				GCC_C_LANGUAGE_STANDARD = gnu11;
				MACOSX_DEPLOYMENT_TARGET = 10.13;
				PRODUCT_NAME = "$(TARGET_NAME)";
			};
			name = Debug;
		};
		B05404D41F88B2ED00FB76CB /* Release */ = {
			isa = XCBuildConfiguration;
			buildSettings = {
				CLANG_CXX_LANGUAGE_STANDARD = "gnu++14";
				CLANG_WARN_BLOCK_CAPTURE_AUTORELEASING = YES;
				CLANG_WARN_COMMA = YES;
				CLANG_WARN_NON_LITERAL_NULL_CONVERSION = YES;
				CLANG_WARN_OBJC_LITERAL_CONVERSION = YES;
				CLANG_WARN_RANGE_LOOP_ANALYSIS = YES;
				CLANG_WARN_STRICT_PROTOTYPES = YES;
				CLANG_WARN_UNGUARDED_AVAILABILITY = YES_AGGRESSIVE;
				CODE_SIGN_STYLE = Automatic;
				GCC_C_LANGUAGE_STANDARD = gnu11;
				MACOSX_DEPLOYMENT_TARGET = 10.13;
				PRODUCT_NAME = "$(TARGET_NAME)";
			};
			name = Release;
		};
		B05D38D61F6B05A8000A4EDB /* Debug */ = {
			isa = XCBuildConfiguration;
			buildSettings = {
				PRODUCT_NAME = "$(TARGET_NAME)";
			};
			name = Debug;
		};
		B05D38D71F6B05A8000A4EDB /* Release */ = {
			isa = XCBuildConfiguration;
			buildSettings = {
				PRODUCT_NAME = "$(TARGET_NAME)";
			};
			name = Release;
		};
		B064291C1FA2418D00617999 /* Debug */ = {
			isa = XCBuildConfiguration;
			buildSettings = {
				CLANG_CXX_LANGUAGE_STANDARD = "gnu++14";
				CLANG_WARN_BLOCK_CAPTURE_AUTORELEASING = YES;
				CLANG_WARN_COMMA = YES;
				CLANG_WARN_NON_LITERAL_NULL_CONVERSION = YES;
				CLANG_WARN_OBJC_LITERAL_CONVERSION = YES;
				CLANG_WARN_RANGE_LOOP_ANALYSIS = YES;
				CLANG_WARN_STRICT_PROTOTYPES = YES;
				CLANG_WARN_UNGUARDED_AVAILABILITY = YES_AGGRESSIVE;
				CODE_SIGN_STYLE = Automatic;
				GCC_C_LANGUAGE_STANDARD = gnu11;
				MACOSX_DEPLOYMENT_TARGET = 10.13;
				PRODUCT_NAME = "$(TARGET_NAME)";
			};
			name = Debug;
		};
		B064291D1FA2418D00617999 /* Release */ = {
			isa = XCBuildConfiguration;
			buildSettings = {
				CLANG_CXX_LANGUAGE_STANDARD = "gnu++14";
				CLANG_WARN_BLOCK_CAPTURE_AUTORELEASING = YES;
				CLANG_WARN_COMMA = YES;
				CLANG_WARN_NON_LITERAL_NULL_CONVERSION = YES;
				CLANG_WARN_OBJC_LITERAL_CONVERSION = YES;
				CLANG_WARN_RANGE_LOOP_ANALYSIS = YES;
				CLANG_WARN_STRICT_PROTOTYPES = YES;
				CLANG_WARN_UNGUARDED_AVAILABILITY = YES_AGGRESSIVE;
				CODE_SIGN_STYLE = Automatic;
				GCC_C_LANGUAGE_STANDARD = gnu11;
				MACOSX_DEPLOYMENT_TARGET = 10.13;
				PRODUCT_NAME = "$(TARGET_NAME)";
			};
			name = Release;
		};
		B06668461F80244300094A0E /* Debug */ = {
			isa = XCBuildConfiguration;
			buildSettings = {
				PRODUCT_NAME = "$(TARGET_NAME)";
			};
			name = Debug;
		};
		B06668471F80244300094A0E /* Release */ = {
			isa = XCBuildConfiguration;
			buildSettings = {
				PRODUCT_NAME = "$(TARGET_NAME)";
			};
			name = Release;
		};
		B07A17321F79DEB5004CEAB5 /* Debug */ = {
			isa = XCBuildConfiguration;
			buildSettings = {
				PRODUCT_NAME = "$(TARGET_NAME)";
			};
			name = Debug;
		};
		B07A17331F79DEB5004CEAB5 /* Release */ = {
			isa = XCBuildConfiguration;
			buildSettings = {
				PRODUCT_NAME = "$(TARGET_NAME)";
			};
			name = Release;
		};
		B08131581FB5A9D100C142CF /* Debug */ = {
			isa = XCBuildConfiguration;
			buildSettings = {
				CLANG_CXX_LANGUAGE_STANDARD = "gnu++14";
				CLANG_WARN_BLOCK_CAPTURE_AUTORELEASING = YES;
				CLANG_WARN_COMMA = YES;
				CLANG_WARN_NON_LITERAL_NULL_CONVERSION = YES;
				CLANG_WARN_OBJC_LITERAL_CONVERSION = YES;
				CLANG_WARN_RANGE_LOOP_ANALYSIS = YES;
				CLANG_WARN_STRICT_PROTOTYPES = YES;
				CLANG_WARN_UNGUARDED_AVAILABILITY = YES_AGGRESSIVE;
				CODE_SIGN_STYLE = Automatic;
				GCC_C_LANGUAGE_STANDARD = gnu11;
				MACOSX_DEPLOYMENT_TARGET = 10.13;
				PRODUCT_NAME = "$(TARGET_NAME)";
			};
			name = Debug;
		};
		B08131591FB5A9D100C142CF /* Release */ = {
			isa = XCBuildConfiguration;
			buildSettings = {
				CLANG_CXX_LANGUAGE_STANDARD = "gnu++14";
				CLANG_WARN_BLOCK_CAPTURE_AUTORELEASING = YES;
				CLANG_WARN_COMMA = YES;
				CLANG_WARN_NON_LITERAL_NULL_CONVERSION = YES;
				CLANG_WARN_OBJC_LITERAL_CONVERSION = YES;
				CLANG_WARN_RANGE_LOOP_ANALYSIS = YES;
				CLANG_WARN_STRICT_PROTOTYPES = YES;
				CLANG_WARN_UNGUARDED_AVAILABILITY = YES_AGGRESSIVE;
				CODE_SIGN_STYLE = Automatic;
				GCC_C_LANGUAGE_STANDARD = gnu11;
				MACOSX_DEPLOYMENT_TARGET = 10.13;
				PRODUCT_NAME = "$(TARGET_NAME)";
			};
			name = Release;
		};
		B0D9BA7A1F64F37B00692E5C /* Debug */ = {
			isa = XCBuildConfiguration;
			buildSettings = {
				ALWAYS_SEARCH_USER_PATHS = NO;
				CLANG_ANALYZER_NONNULL = YES;
				CLANG_ANALYZER_NUMBER_OBJECT_CONVERSION = YES_AGGRESSIVE;
				CLANG_CXX_LANGUAGE_STANDARD = "gnu++0x";
				CLANG_CXX_LIBRARY = "libc++";
				CLANG_ENABLE_MODULES = YES;
				CLANG_ENABLE_OBJC_ARC = YES;
				CLANG_WARN_BLOCK_CAPTURE_AUTORELEASING = YES;
				CLANG_WARN_BOOL_CONVERSION = YES;
				CLANG_WARN_COMMA = YES;
				CLANG_WARN_CONSTANT_CONVERSION = YES;
				CLANG_WARN_DIRECT_OBJC_ISA_USAGE = YES_ERROR;
				CLANG_WARN_DOCUMENTATION_COMMENTS = YES;
				CLANG_WARN_EMPTY_BODY = YES;
				CLANG_WARN_ENUM_CONVERSION = YES;
				CLANG_WARN_INFINITE_RECURSION = YES;
				CLANG_WARN_INT_CONVERSION = YES;
				CLANG_WARN_NON_LITERAL_NULL_CONVERSION = YES;
				CLANG_WARN_OBJC_LITERAL_CONVERSION = YES;
				CLANG_WARN_OBJC_ROOT_CLASS = YES_ERROR;
				CLANG_WARN_RANGE_LOOP_ANALYSIS = YES;
				CLANG_WARN_STRICT_PROTOTYPES = YES;
				CLANG_WARN_SUSPICIOUS_MOVE = YES;
				CLANG_WARN_UNREACHABLE_CODE = YES;
				CLANG_WARN__DUPLICATE_METHOD_MATCH = YES;
				CODE_SIGN_IDENTITY = "-";
				COPY_PHASE_STRIP = NO;
				DEBUG_INFORMATION_FORMAT = dwarf;
				ENABLE_STRICT_OBJC_MSGSEND = YES;
				ENABLE_TESTABILITY = YES;
				GCC_C_LANGUAGE_STANDARD = gnu99;
				GCC_DYNAMIC_NO_PIC = NO;
				GCC_NO_COMMON_BLOCKS = YES;
				GCC_OPTIMIZATION_LEVEL = 0;
				GCC_PREPROCESSOR_DEFINITIONS = (
					"DEBUG=1",
					"$(inherited)",
				);
				GCC_WARN_64_TO_32_BIT_CONVERSION = YES;
				GCC_WARN_ABOUT_RETURN_TYPE = YES_ERROR;
				GCC_WARN_UNDECLARED_SELECTOR = YES;
				GCC_WARN_UNINITIALIZED_AUTOS = YES_AGGRESSIVE;
				GCC_WARN_UNUSED_FUNCTION = YES;
				GCC_WARN_UNUSED_VARIABLE = YES;
				MACOSX_DEPLOYMENT_TARGET = 10.12;
				MTL_ENABLE_DEBUG_INFO = YES;
				ONLY_ACTIVE_ARCH = YES;
				SDKROOT = macosx;
			};
			name = Debug;
		};
		B0D9BA7B1F64F37B00692E5C /* Release */ = {
			isa = XCBuildConfiguration;
			buildSettings = {
				ALWAYS_SEARCH_USER_PATHS = NO;
				CLANG_ANALYZER_NONNULL = YES;
				CLANG_ANALYZER_NUMBER_OBJECT_CONVERSION = YES_AGGRESSIVE;
				CLANG_CXX_LANGUAGE_STANDARD = "gnu++0x";
				CLANG_CXX_LIBRARY = "libc++";
				CLANG_ENABLE_MODULES = YES;
				CLANG_ENABLE_OBJC_ARC = YES;
				CLANG_WARN_BLOCK_CAPTURE_AUTORELEASING = YES;
				CLANG_WARN_BOOL_CONVERSION = YES;
				CLANG_WARN_COMMA = YES;
				CLANG_WARN_CONSTANT_CONVERSION = YES;
				CLANG_WARN_DIRECT_OBJC_ISA_USAGE = YES_ERROR;
				CLANG_WARN_DOCUMENTATION_COMMENTS = YES;
				CLANG_WARN_EMPTY_BODY = YES;
				CLANG_WARN_ENUM_CONVERSION = YES;
				CLANG_WARN_INFINITE_RECURSION = YES;
				CLANG_WARN_INT_CONVERSION = YES;
				CLANG_WARN_NON_LITERAL_NULL_CONVERSION = YES;
				CLANG_WARN_OBJC_LITERAL_CONVERSION = YES;
				CLANG_WARN_OBJC_ROOT_CLASS = YES_ERROR;
				CLANG_WARN_RANGE_LOOP_ANALYSIS = YES;
				CLANG_WARN_STRICT_PROTOTYPES = YES;
				CLANG_WARN_SUSPICIOUS_MOVE = YES;
				CLANG_WARN_UNREACHABLE_CODE = YES;
				CLANG_WARN__DUPLICATE_METHOD_MATCH = YES;
				CODE_SIGN_IDENTITY = "-";
				COPY_PHASE_STRIP = NO;
				DEBUG_INFORMATION_FORMAT = "dwarf-with-dsym";
				ENABLE_NS_ASSERTIONS = NO;
				ENABLE_STRICT_OBJC_MSGSEND = YES;
				GCC_C_LANGUAGE_STANDARD = gnu99;
				GCC_NO_COMMON_BLOCKS = YES;
				GCC_WARN_64_TO_32_BIT_CONVERSION = YES;
				GCC_WARN_ABOUT_RETURN_TYPE = YES_ERROR;
				GCC_WARN_UNDECLARED_SELECTOR = YES;
				GCC_WARN_UNINITIALIZED_AUTOS = YES_AGGRESSIVE;
				GCC_WARN_UNUSED_FUNCTION = YES;
				GCC_WARN_UNUSED_VARIABLE = YES;
				MACOSX_DEPLOYMENT_TARGET = 10.12;
				MTL_ENABLE_DEBUG_INFO = NO;
				SDKROOT = macosx;
			};
			name = Release;
		};
		B0D9BA7D1F64F37B00692E5C /* Debug */ = {
			isa = XCBuildConfiguration;
			buildSettings = {
				PRODUCT_NAME = "$(TARGET_NAME)";
			};
			name = Debug;
		};
		B0D9BA7E1F64F37B00692E5C /* Release */ = {
			isa = XCBuildConfiguration;
			buildSettings = {
				PRODUCT_NAME = "$(TARGET_NAME)";
			};
			name = Release;
		};
/* End XCBuildConfiguration section */

/* Begin XCConfigurationList section */
		B0352AB61F8FF3FB00F03789 /* Build configuration list for PBXNativeTarget "lab7" */ = {
			isa = XCConfigurationList;
			buildConfigurations = (
				B0352AB41F8FF3FB00F03789 /* Debug */,
				B0352AB51F8FF3FB00F03789 /* Release */,
			);
			defaultConfigurationIsVisible = 0;
			defaultConfigurationName = Release;
		};
		B03EDE401F7CD5AC00C11411 /* Build configuration list for PBXNativeTarget "program2" */ = {
			isa = XCConfigurationList;
			buildConfigurations = (
				B03EDE3E1F7CD5AC00C11411 /* Debug */,
				B03EDE3F1F7CD5AC00C11411 /* Release */,
			);
			defaultConfigurationIsVisible = 0;
			defaultConfigurationName = Release;
		};
		B041C4AD1F6628D80041735C /* Build configuration list for PBXNativeTarget "program1" */ = {
			isa = XCConfigurationList;
			buildConfigurations = (
				B041C4AB1F6628D80041735C /* Debug */,
				B041C4AC1F6628D80041735C /* Release */,
			);
			defaultConfigurationIsVisible = 0;
			defaultConfigurationName = Release;
		};
		B04624371F9718E000557112 /* Build configuration list for PBXNativeTarget "hw3" */ = {
			isa = XCConfigurationList;
			buildConfigurations = (
				B04624351F9718E000557112 /* Debug */,
				B04624361F9718E000557112 /* Release */,
			);
			defaultConfigurationIsVisible = 0;
			defaultConfigurationName = Release;
		};
		B0477ED41F7B3BB200DC57F2 /* Build configuration list for PBXNativeTarget "hw2" */ = {
			isa = XCConfigurationList;
			buildConfigurations = (
				B0477ED21F7B3BB200DC57F2 /* Debug */,
				B0477ED31F7B3BB200DC57F2 /* Release */,
			);
			defaultConfigurationIsVisible = 0;
			defaultConfigurationName = Release;
		};
		B05404D21F88B2ED00FB76CB /* Build configuration list for PBXNativeTarget "program2alt" */ = {
			isa = XCConfigurationList;
			buildConfigurations = (
				B05404D31F88B2ED00FB76CB /* Debug */,
				B05404D41F88B2ED00FB76CB /* Release */,
			);
			defaultConfigurationIsVisible = 0;
			defaultConfigurationName = Release;
		};
		B05D38D81F6B05A8000A4EDB /* Build configuration list for PBXNativeTarget "lab3" */ = {
			isa = XCConfigurationList;
			buildConfigurations = (
				B05D38D61F6B05A8000A4EDB /* Debug */,
				B05D38D71F6B05A8000A4EDB /* Release */,
			);
			defaultConfigurationIsVisible = 0;
			defaultConfigurationName = Release;
		};
		B064291E1FA2418D00617999 /* Build configuration list for PBXNativeTarget "program3" */ = {
			isa = XCConfigurationList;
			buildConfigurations = (
				B064291C1FA2418D00617999 /* Debug */,
				B064291D1FA2418D00617999 /* Release */,
			);
			defaultConfigurationIsVisible = 0;
			defaultConfigurationName = Release;
		};
		B06668481F80244300094A0E /* Build configuration list for PBXNativeTarget "test" */ = {
			isa = XCConfigurationList;
			buildConfigurations = (
				B06668461F80244300094A0E /* Debug */,
				B06668471F80244300094A0E /* Release */,
			);
			defaultConfigurationIsVisible = 0;
			defaultConfigurationName = Release;
		};
		B07A17341F79DEB5004CEAB5 /* Build configuration list for PBXNativeTarget "game" */ = {
			isa = XCConfigurationList;
			buildConfigurations = (
				B07A17321F79DEB5004CEAB5 /* Debug */,
				B07A17331F79DEB5004CEAB5 /* Release */,
			);
			defaultConfigurationIsVisible = 0;
			defaultConfigurationName = Release;
		};
		B081315A1FB5A9D100C142CF /* Build configuration list for PBXNativeTarget "program4" */ = {
			isa = XCConfigurationList;
			buildConfigurations = (
				B08131581FB5A9D100C142CF /* Debug */,
				B08131591FB5A9D100C142CF /* Release */,
			);
			defaultConfigurationIsVisible = 0;
			defaultConfigurationName = Release;
		};
		B0D9BA701F64F37A00692E5C /* Build configuration list for PBXProject "cs251" */ = {
			isa = XCConfigurationList;
			buildConfigurations = (
				B0D9BA7A1F64F37B00692E5C /* Debug */,
				B0D9BA7B1F64F37B00692E5C /* Release */,
			);
			defaultConfigurationIsVisible = 0;
			defaultConfigurationName = Release;
		};
		B0D9BA7C1F64F37B00692E5C /* Build configuration list for PBXNativeTarget "cs251" */ = {
			isa = XCConfigurationList;
			buildConfigurations = (
				B0D9BA7D1F64F37B00692E5C /* Debug */,
				B0D9BA7E1F64F37B00692E5C /* Release */,
			);
			defaultConfigurationIsVisible = 0;
			defaultConfigurationName = Release;
		};
/* End XCConfigurationList section */
	};
	rootObject = B0D9BA6D1F64F37A00692E5C /* Project object */;
}
